
Microsoft Visual Studio Solution File, Format Version 12.00
# Visual Studio Version 16
VisualStudioVersion = 16.0.29806.167
MinimumVisualStudioVersion = 10.0.40219.1
Project("{9A19103F-16F7-4668-BE54-9A1E7A4F7556}") = "Deposit", "Deposit\Deposit.csproj", "{9BE6C9B3-5108-43EE-AD13-F6D4741A9CFA}"
EndProject
Project("{9A19103F-16F7-4668-BE54-9A1E7A4F7556}") = "Deposit.Contracts", "Deposit.Contracts\Deposit.Contracts.csproj", "{040E1C62-4769-441C-A16C-BC6F7286B9CE}"
EndProject
Global
	GlobalSection(SolutionConfigurationPlatforms) = preSolution
		Debug|Any CPU = Debug|Any CPU
		Release|Any CPU = Release|Any CPU
	EndGlobalSection
	GlobalSection(ProjectConfigurationPlatforms) = postSolution
		{9BE6C9B3-5108-43EE-AD13-F6D4741A9CFA}.Debug|Any CPU.ActiveCfg = Debug|Any CPU
		{9BE6C9B3-5108-43EE-AD13-F6D4741A9CFA}.Debug|Any CPU.Build.0 = Debug|Any CPU
		{9BE6C9B3-5108-43EE-AD13-F6D4741A9CFA}.Release|Any CPU.ActiveCfg = Release|Any CPU
		{9BE6C9B3-5108-43EE-AD13-F6D4741A9CFA}.Release|Any CPU.Build.0 = Release|Any CPU
		{040E1C62-4769-441C-A16C-BC6F7286B9CE}.Debug|Any CPU.ActiveCfg = Debug|Any CPU
		{040E1C62-4769-441C-A16C-BC6F7286B9CE}.Debug|Any CPU.Build.0 = Debug|Any CPU
		{040E1C62-4769-441C-A16C-BC6F7286B9CE}.Release|Any CPU.ActiveCfg = Release|Any CPU
		{040E1C62-4769-441C-A16C-BC6F7286B9CE}.Release|Any CPU.Build.0 = Release|Any CPU
	EndGlobalSection
	GlobalSection(SolutionProperties) = preSolution
		HideSolutionNode = FALSE
	EndGlobalSection
	GlobalSection(ExtensibilityGlobals) = postSolution
		SolutionGuid = {58B03A53-4721-40EF-9B6D-05F6D046A9F4}
	EndGlobalSection
EndGlobal
